{
  "originHash" : "397de5472aecc6445428c6de2bc3c41b088d58c316b6b53b97a84f95b4dfe30c",
  "pins" : [
    {
      "identity" : "alertkit",
      "kind" : "remoteSourceControl",
      "location" : "https://github.com/sparrowcode/AlertKit.git",
      "state" : {
        "revision" : "3b73be8db5a7e7efaf474c6ed919f5a437d843c9",
        "version" : "5.1.9"
      }
    },
    {
      "identity" : "openai",
      "kind" : "remoteSourceControl",
      "location" : "https://github.com/MacPaw/OpenAI.git",
      "state" : {
        "revision" : "fd13a41e987004d14f1793c570721953a2767b03",
        "version" : "0.2.9"
      }
    },
    {
      "identity" : "swiftsoup",
      "kind" : "remoteSourceControl",
      "location" : "https://github.com/scinfu/SwiftSoup.git",
      "state" : {
        "revision" : "028487d4a8a291b2fe1b4392b5425b6172056148",
        "version" : "2.7.2"
      }
    },
    {
      "identity" : "swiftytranslate",
      "kind" : "remoteSourceControl",
      "location" : "https://github.com/cpageler93/SwiftyTranslate.git",
      "state" : {
        "revision" : "96e6faf61cc6d7fbd65620c02ba1e081985f6a00",
        "version" : "1.0.0"
      }
    }
  ],
  "version" : 3
}
